
Microsoft Visual Studio Solution File, Format Version 12.00
# Visual Studio Version 17
VisualStudioVersion = 17.5.33414.496
MinimumVisualStudioVersion = 10.0.40219.1
Project("{FAE04EC0-301F-11D3-BF4B-00C04F79EFBC}") = "zgstumpf_Assignment3", "zgstumpf_Assignment3\zgstumpf_Assignment3.csproj", "{FE0647A3-0658-4843-8A50-39E382D4683E}"
EndProject
Global
	GlobalSection(SolutionConfigurationPlatforms) = preSolution
		Debug|Any CPU = Debug|Any CPU
		Release|Any CPU = Release|Any CPU
	EndGlobalSection
	GlobalSection(ProjectConfigurationPlatforms) = postSolution
		{FE0647A3-0658-4843-8A50-39E382D4683E}.Debug|Any CPU.ActiveCfg = Debug|Any CPU
		{FE0647A3-0658-4843-8A50-39E382D4683E}.Debug|Any CPU.Build.0 = Debug|Any CPU
		{FE0647A3-0658-4843-8A50-39E382D4683E}.Release|Any CPU.ActiveCfg = Release|Any CPU
		{FE0647A3-0658-4843-8A50-39E382D4683E}.Release|Any CPU.Build.0 = Release|Any CPU
	EndGlobalSection
	GlobalSection(SolutionProperties) = preSolution
		HideSolutionNode = FALSE
	EndGlobalSection
	GlobalSection(ExtensibilityGlobals) = postSolution
		SolutionGuid = {B09E9234-99B0-4440-8E86-EF4C7058EC09}
	EndGlobalSection
EndGlobal
